
Microsoft Visual Studio Solution File, Format Version 12.00
# Visual Studio 2012
Project("{FAE04EC0-301F-11D3-BF4B-00C04F79EFBC}") = "EmployeeService", "EmployeeService\EmployeeService.csproj", "{05106F3C-F6B3-45F2-A516-32E4659C0C27}"
EndProject
Project("{FAE04EC0-301F-11D3-BF4B-00C04F79EFBC}") = "EmployeeServiceHost", "EmployeeServiceHost\EmployeeServiceHost.csproj", "{913442FF-D0A0-4E44-A733-92D8AF7D6FF2}"
EndProject
Global
	GlobalSection(SolutionConfigurationPlatforms) = preSolution
		Debug|Any CPU = Debug|Any CPU
		Release|Any CPU = Release|Any CPU
	EndGlobalSection
	GlobalSection(ProjectConfigurationPlatforms) = postSolution
		{05106F3C-F6B3-45F2-A516-32E4659C0C27}.Debug|Any CPU.ActiveCfg = Debug|Any CPU
		{05106F3C-F6B3-45F2-A516-32E4659C0C27}.Debug|Any CPU.Build.0 = Debug|Any CPU
		{05106F3C-F6B3-45F2-A516-32E4659C0C27}.Release|Any CPU.ActiveCfg = Release|Any CPU
		{05106F3C-F6B3-45F2-A516-32E4659C0C27}.Release|Any CPU.Build.0 = Release|Any CPU
		{913442FF-D0A0-4E44-A733-92D8AF7D6FF2}.Debug|Any CPU.ActiveCfg = Debug|Any CPU
		{913442FF-D0A0-4E44-A733-92D8AF7D6FF2}.Debug|Any CPU.Build.0 = Debug|Any CPU
		{913442FF-D0A0-4E44-A733-92D8AF7D6FF2}.Release|Any CPU.ActiveCfg = Release|Any CPU
		{913442FF-D0A0-4E44-A733-92D8AF7D6FF2}.Release|Any CPU.Build.0 = Release|Any CPU
	EndGlobalSection
	GlobalSection(SolutionProperties) = preSolution
		HideSolutionNode = FALSE
	EndGlobalSection
EndGlobal
